// !$*UTF8*$!
{
	archiveVersion = 1;
	classes = {
	};
	objectVersion = 77;
	objects = {

/* Begin PBXBuildFile section */
		0344A701FDB8CB0A91E0151D /* GameCenterAuthenticationTests.swift in Sources */ = {isa = PBXBuildFile; fileRef = E336B27DD79B71BBB763188D /* GameCenterAuthenticationTests.swift */; };
		05E2F7C4D915B34F8A21C6FF /* PassAndPlayTests.swift in Sources */ = {isa = PBXBuildFile; fileRef = F1C1945B61C0337553D9EBF8 /* PassAndPlayTests.swift */; };
		092103484C74A862ECF89DF8 /* SuitGlyph.swift in Sources */ = {isa = PBXBuildFile; fileRef = 0E264E59919E60235F368F7F /* SuitGlyph.swift */; };
		0D42AB3C68EDCF2430E1B48F /* StatisticsTests.swift in Sources */ = {isa = PBXBuildFile; fileRef = 052D5C9C5F1E54A61C3BAB63 /* StatisticsTests.swift */; };
		10D756531C32278F94994858 /* LessonBanner.swift in Sources */ = {isa = PBXBuildFile; fileRef = 462E6E6659DFE1B4E4611356 /* LessonBanner.swift */; };
		11DFF6DA5BE0707CCDDC600D /* Assets.xcassets in Resources */ = {isa = PBXBuildFile; fileRef = 6ED8C1FD416E628043CC4D29 /* Assets.xcassets */; };
		180EEED18A6C25123E43D24B /* CardFaceArt.swift in Sources */ = {isa = PBXBuildFile; fileRef = 2B7A5D5762F62794C05527AF /* CardFaceArt.swift */; };
		1AF4E8085AAD8D26D734F14B /* FeedbackTests.swift in Sources */ = {isa = PBXBuildFile; fileRef = 29983A11331001E127DF66CA /* FeedbackTests.swift */; };
		1B98BDCC45E72A06255CABA3 /* AppIconArtwork.swift in Sources */ = {isa = PBXBuildFile; fileRef = 2C4A19747D7F73A71DC7DBD2 /* AppIconArtwork.swift */; };
		1C051D284088FC2535DBECF0 /* MenuFlowTests.swift in Sources */ = {isa = PBXBuildFile; fileRef = 27C1C6FA4C7ECD6AF5A32B37 /* MenuFlowTests.swift */; };
		1F655B5FDF8ED5DC937CC8A1 /* Feedback.swift in Sources */ = {isa = PBXBuildFile; fileRef = A5696AF8EFEB2AF35352FAFB /* Feedback.swift */; };
		24FAF2D5D85F704D09728360 /* KeezlyApp.swift in Sources */ = {isa = PBXBuildFile; fileRef = 8E72B2E4642A6BD4C11A860F /* KeezlyApp.swift */; };
		264BC2D47B0EE11D6B0E80C5 /* Lesson.swift in Sources */ = {isa = PBXBuildFile; fileRef = C9494E3CF894AD64E24FE743 /* Lesson.swift */; };
		266BF82ABFD4D13FFE25BEE8 /* MainMenuView.swift in Sources */ = {isa = PBXBuildFile; fileRef = 4EAEE9A96EF84F43F5C06DE8 /* MainMenuView.swift */; };
		28CC2B89F10507596DD31D50 /* BoardPresenterTests.swift in Sources */ = {isa = PBXBuildFile; fileRef = 55F880978D3865E445AA5593 /* BoardPresenterTests.swift */; };
		299485F2EE880AC138E9FFE9 /* AdaptivePicker.swift in Sources */ = {isa = PBXBuildFile; fileRef = B9BC77CF6CFE07E6AC186AED /* AdaptivePicker.swift */; };
		29A7AE4DC5562C6094B579C6 /* swap.caf in Resources */ = {isa = PBXBuildFile; fileRef = 637D076800FF212D4D9B7EB1 /* swap.caf */; };
		2A75C9B66EADAFAE5549AFFF /* Achievement.swift in Sources */ = {isa = PBXBuildFile; fileRef = 3D9036625FB847FC0FCA8B0B /* Achievement.swift */; };
		2C0A88DA471A8016E7C58807 /* RulebookTests.swift in Sources */ = {isa = PBXBuildFile; fileRef = 8596ECB42F680F150CE5C50D /* RulebookTests.swift */; };
		30E7DB9168705F188C09987B /* PlayFlowTests.swift in Sources */ = {isa = PBXBuildFile; fileRef = 32C34A7B19CE230B87432042 /* PlayFlowTests.swift */; };
		33299AA00BC017E0D3412033 /* MoveNarrator.swift in Sources */ = {isa = PBXBuildFile; fileRef = 0A7740AB159D49E1F527359B /* MoveNarrator.swift */; };
		385911464D67283C726D556D /* ActionListView.swift in Sources */ = {isa = PBXBuildFile; fileRef = 7D4398908BBB32AE55426B5D /* ActionListView.swift */; };
		41C9DDD36FD8225C6D0A1696 /* Rulebook.swift in Sources */ = {isa = PBXBuildFile; fileRef = 8741059D62130818C55BF28A /* Rulebook.swift */; };
		43770BB14E0B8D17CEEFDBA1 /* StatisticsSummaryView.swift in Sources */ = {isa = PBXBuildFile; fileRef = 55B365FCC4C12EE4BFF03008 /* StatisticsSummaryView.swift */; };
		43F3DEAC49BCB82A466B7131 /* ContrastTests.swift in Sources */ = {isa = PBXBuildFile; fileRef = E9D5D6474A801FC1ED01B8EA /* ContrastTests.swift */; };
		4843C9055D768608C2792D20 /* SeatStatusView.swift in Sources */ = {isa = PBXBuildFile; fileRef = 390FE2938458CED13A70D210 /* SeatStatusView.swift */; };
		49012D04AB6CD87D59AA1FF6 /* BoardView.swift in Sources */ = {isa = PBXBuildFile; fileRef = 1FEDEA71E4EDAE226EDA9951 /* BoardView.swift */; };
		4C65E6C87C4DC459E6205D37 /* MoveNarratorTests.swift in Sources */ = {isa = PBXBuildFile; fileRef = 317A24C86F2312B7C966802F /* MoveNarratorTests.swift */; };
		513A46BE93709612FDC17EFA /* ReplayScreen.swift in Sources */ = {isa = PBXBuildFile; fileRef = 21906DF81B6AC0BF94D9E97D /* ReplayScreen.swift */; };
		579A0C223F29D69A70ABB93C /* BoardLayoutTests.swift in Sources */ = {isa = PBXBuildFile; fileRef = 50068513035E4EC8DF323F50 /* BoardLayoutTests.swift */; };
		57F4E1E655774F92236C605D /* TableConfiguration.swift in Sources */ = {isa = PBXBuildFile; fileRef = 4F0F80DAAFFF9A71C6AC7E01 /* TableConfiguration.swift */; };
		58241CDF0095935276E260B2 /* CardView.swift in Sources */ = {isa = PBXBuildFile; fileRef = C482C27A4DE9D8BA7FA25193 /* CardView.swift */; };
		5843618018A82726BBC6F5FC /* PlayFocusTests.swift in Sources */ = {isa = PBXBuildFile; fileRef = 8CE1FDE22083E9CD313EE41D /* PlayFocusTests.swift */; };
		5C7049441C2B4D1E7EB3222D /* MatchFixtureTests.swift in Sources */ = {isa = PBXBuildFile; fileRef = C15557F885BA9C8BC751B2EA /* MatchFixtureTests.swift */; };
		5D9F39D6B8B9B343FB63EA7B /* PlayPlanner.swift in Sources */ = {isa = PBXBuildFile; fileRef = F1B93678F21644FD63C4658C /* PlayPlanner.swift */; };
		5E1DCA60FB2FB76BA39E6D69 /* GameCenterAuthentication.swift in Sources */ = {isa = PBXBuildFile; fileRef = E64B06232876C033256A30C1 /* GameCenterAuthentication.swift */; };
		5E596B214B5827FD7FFD75F2 /* KeezlyCore in Frameworks */ = {isa = PBXBuildFile; productRef = 5E0E46A1D3857966A001B9EC /* KeezlyCore */; };
		5F30FB1DEF21B7CF218EC331 /* PlayLayout.swift in Sources */ = {isa = PBXBuildFile; fileRef = F9A8EFD5BD552AFCE3729032 /* PlayLayout.swift */; };
		5F9219E5059C01EEA86E8950 /* victory.caf in Resources */ = {isa = PBXBuildFile; fileRef = 82D72BBDEFC1075510BED527 /* victory.caf */; };
		62212C2AF2BDA2BAD9F43C23 /* home.caf in Resources */ = {isa = PBXBuildFile; fileRef = 6B9869B71A5F567920F36A1C /* home.caf */; };
		64C3B3D1B1A0D298F70A273A /* Statistics.swift in Sources */ = {isa = PBXBuildFile; fileRef = 60E312424F2068DAD864AE22 /* Statistics.swift */; };
		64CF2DB28EC65A89F8304B83 /* AppIntegrationTests.swift in Sources */ = {isa = PBXBuildFile; fileRef = AD4348693A6AFB35B996AD07 /* AppIntegrationTests.swift */; };
		697C95CBF6282BDFC37ECD4E /* MatchListView.swift in Sources */ = {isa = PBXBuildFile; fileRef = 0229B62760A53B9B55B07723 /* MatchListView.swift */; };
		6B1E4FDCFD16F35FD97EE428 /* PrivacyInfo.xcprivacy in Resources */ = {isa = PBXBuildFile; fileRef = 6E50404D8D3EA77B84451510 /* PrivacyInfo.xcprivacy */; };
		6BC9E719FDA1B8015AECF13C /* TutorialRun.swift in Sources */ = {isa = PBXBuildFile; fileRef = 3C536DFF7D3FD204F337D584 /* TutorialRun.swift */; };
		6D7078B7436E4C5E72AED247 /* GrayscaleTests.swift in Sources */ = {isa = PBXBuildFile; fileRef = 40E814C79BC8A969E82B7D48 /* GrayscaleTests.swift */; };
		6F76881931D3BEC678981AD8 /* MatchEndView.swift in Sources */ = {isa = PBXBuildFile; fileRef = FA0BF630CB2278771597A67A /* MatchEndView.swift */; };
		71D9948558D1AD1F37A7F8EE /* BoardOrnament.swift in Sources */ = {isa = PBXBuildFile; fileRef = D25DE09C56A41F2B65DA5AD9 /* BoardOrnament.swift */; };
		72BB9A29C8EE638ED23DBB23 /* FeedbackCue.swift in Sources */ = {isa = PBXBuildFile; fileRef = D3CE07784ADA861E27350246 /* FeedbackCue.swift */; };
		74690CFDE17AFB4D550A4628 /* PawnView.swift in Sources */ = {isa = PBXBuildFile; fileRef = DF356FE7E26FFF8D6ADC49CD /* PawnView.swift */; };
		7D31621E9C5CC275E2B9A357 /* BoardPresenter.swift in Sources */ = {isa = PBXBuildFile; fileRef = 26B0B7B51FE6EE314EF9AB1A /* BoardPresenter.swift */; };
		7E529AAE764EF5BC70A24D00 /* ScreenshotMode.swift in Sources */ = {isa = PBXBuildFile; fileRef = 2F5615D1F3AA72616536C39E /* ScreenshotMode.swift */; };
		8078C5050C02ADBFE8E93567 /* PlayerIdentity.swift in Sources */ = {isa = PBXBuildFile; fileRef = AF665365FA61E826D11B50E9 /* PlayerIdentity.swift */; };
		813DD1386E7D98D2C9006EAC /* LaunchTests.swift in Sources */ = {isa = PBXBuildFile; fileRef = 6A5741C72A907AEF603B8937 /* LaunchTests.swift */; };
		8309DF26E59769918673891D /* BoardLayout.swift in Sources */ = {isa = PBXBuildFile; fileRef = 41AD74967519D049BB59C5FA /* BoardLayout.swift */; };
		8B724EB7A6C64B30D84E5793 /* TableConfigurationTests.swift in Sources */ = {isa = PBXBuildFile; fileRef = 3598D989F36F076D53B3823D /* TableConfigurationTests.swift */; };
		8CB88ACF741F2384030C6439 /* ReplayRun.swift in Sources */ = {isa = PBXBuildFile; fileRef = 96DB4F27B7ACBFED919C049E /* ReplayRun.swift */; };
		8EBA0944E1224E18B578DDA0 /* KeezlyCore in Frameworks */ = {isa = PBXBuildFile; productRef = 36B25AB04A78E23D9B845676 /* KeezlyCore */; };
		96245EA08058AF7FAC141C94 /* Welcome.swift in Sources */ = {isa = PBXBuildFile; fileRef = AF2333C08C374B3B0502560D /* Welcome.swift */; };
		974B12F5B5561828DB83118B /* GameCenterTransport.swift in Sources */ = {isa = PBXBuildFile; fileRef = 5E5674013E95C6D4890ADEAF /* GameCenterTransport.swift */; };
		9B8409EB605EA2BA02FC6073 /* MatchStoreTests.swift in Sources */ = {isa = PBXBuildFile; fileRef = 0E189E9D5DA48881EBDBA4D2 /* MatchStoreTests.swift */; };
		9C350AC7FD9345773A30809D /* GameScreen+Layout.swift in Sources */ = {isa = PBXBuildFile; fileRef = 94B625843FF9E6179952A9F7 /* GameScreen+Layout.swift */; };
		9FBA85C85F907C1A6EBF99DC /* BoardOrnamentTests.swift in Sources */ = {isa = PBXBuildFile; fileRef = 79A595475A4A4A8173245936 /* BoardOrnamentTests.swift */; };
		A1C559609D6FD0AD54146DEC /* KeezlyTheme.swift in Sources */ = {isa = PBXBuildFile; fileRef = FC827455EB8D646619E6A9E2 /* KeezlyTheme.swift */; };
		A390FB69163B90983BE40A59 /* CardHelp.swift in Sources */ = {isa = PBXBuildFile; fileRef = C10AB2A38F4F82C23C5677AC /* CardHelp.swift */; };
		A3944BF892A031CFD85EDB6B /* MatchSession.swift in Sources */ = {isa = PBXBuildFile; fileRef = EBF95D494649C4F6D223A28C /* MatchSession.swift */; };
		A6311AA31DCD1EC05D2B76A2 /* HandoverView.swift in Sources */ = {isa = PBXBuildFile; fileRef = B32529E7548CA1EFE9A4F729 /* HandoverView.swift */; };
		A69D0995449BC4529D343D80 /* fold.caf in Resources */ = {isa = PBXBuildFile; fileRef = C5D5AEB8CA77D50A683BE5DD /* fold.caf */; };
		A8F0BBF17EF0051B92A6F024 /* capture.caf in Resources */ = {isa = PBXBuildFile; fileRef = 71AC79E7E5ACF55DEC8B2C58 /* capture.caf */; };
		AA8C0EC4A91FB60B682CE35C /* MatchStore.swift in Sources */ = {isa = PBXBuildFile; fileRef = 8EB92D3C1A47B55D665EE1FA /* MatchStore.swift */; };
		AC8ECB0933F0C0B7913ACBEA /* TutorialTests.swift in Sources */ = {isa = PBXBuildFile; fileRef = 86D5D72CE51529D58EA3C0DA /* TutorialTests.swift */; };
		B2801BC0A5360759083EB63B /* BoardSurface.swift in Sources */ = {isa = PBXBuildFile; fileRef = 4B211B18BA3B7B8B1C675010 /* BoardSurface.swift */; };
		B29A4F858EE41B8D796DB41C /* GameScreen.swift in Sources */ = {isa = PBXBuildFile; fileRef = 67B2FF7ADE69CBC2559C6D2B /* GameScreen.swift */; };
		B29A5986521D5BAFD7C6112B /* WelcomeTests.swift in Sources */ = {isa = PBXBuildFile; fileRef = 715B39EEB871A7D480A659C4 /* WelcomeTests.swift */; };
		B586F635085CB018833325F3 /* KeyboardFocus.swift in Sources */ = {isa = PBXBuildFile; fileRef = 963EE8EC7128581D049817F2 /* KeyboardFocus.swift */; };
		B6C8943E27C19AA33EDE733D /* ReplayTests.swift in Sources */ = {isa = PBXBuildFile; fileRef = F37914BB0BDF5A835BB7FABE /* ReplayTests.swift */; };
		B6E863B159F67DA48FB10504 /* place.caf in Resources */ = {isa = PBXBuildFile; fileRef = 1DE00A9037ECC75C83E639DC /* place.caf */; };
		BE8D28189EE7D3062AAF189B /* PlayLayoutTests.swift in Sources */ = {isa = PBXBuildFile; fileRef = 76701703452F573EE999F56F /* PlayLayoutTests.swift */; };
		C04441E059560F69B6264AA1 /* SavedMatch.swift in Sources */ = {isa = PBXBuildFile; fileRef = 03D6D99B9BC3DE3FC0DFFA5E /* SavedMatch.swift */; };
		C38467AD832BA4A6AE1C4DAD /* BoardCentreView.swift in Sources */ = {isa = PBXBuildFile; fileRef = 7312608406A17AE728331F13 /* BoardCentreView.swift */; };
		C7F64D09D8F2AB0A20F02ECE /* RulebookView.swift in Sources */ = {isa = PBXBuildFile; fileRef = 6181BDD1F1E6EEE9241F2EF0 /* RulebookView.swift */; };
		C81C75C86DE8EE820FA7F95F /* SettingsView.swift in Sources */ = {isa = PBXBuildFile; fileRef = 0CBA6935ADB38B3CD93E2D93 /* SettingsView.swift */; };
		CA91E83F0BEFC4381F66886A /* DesignReviewScreenshots.swift in Sources */ = {isa = PBXBuildFile; fileRef = 5983C639D9EC2271A596DDFB /* DesignReviewScreenshots.swift */; };
		CBA6DA54C8B5C81FC8363A8F /* ActionList.swift in Sources */ = {isa = PBXBuildFile; fileRef = 040212E38AB305A286845007 /* ActionList.swift */; };
		D35246345638FDDFD091502A /* select.caf in Resources */ = {isa = PBXBuildFile; fileRef = 15315B6C46F8DE44B11EF573 /* select.caf */; };
		D8F593780828DF706C48E176 /* AppIconTests.swift in Sources */ = {isa = PBXBuildFile; fileRef = 89977E9E9BC53E55811B932A /* AppIconTests.swift */; };
		DE704BCD2D005E5E4345B4BD /* ActionListTests.swift in Sources */ = {isa = PBXBuildFile; fileRef = FFC69C3AE4E8D6DCED88A698 /* ActionListTests.swift */; };
		DF7BFA02380288CCD372B832 /* PlayFocus.swift in Sources */ = {isa = PBXBuildFile; fileRef = DE90F226F2E9B13AD7C2CB6F /* PlayFocus.swift */; };
		E2304885CB459B1B1D626328 /* RootView.swift in Sources */ = {isa = PBXBuildFile; fileRef = 2DC0E53379721916E392C04F /* RootView.swift */; };
		E3CFA18060839ED0805FA3FB /* Localizable.xcstrings in Resources */ = {isa = PBXBuildFile; fileRef = A7AD9526A6D73BF8D94109D3 /* Localizable.xcstrings */; };
		E5044447B412F0A30829D6DA /* AchievementTests.swift in Sources */ = {isa = PBXBuildFile; fileRef = FBCE9A9C10EA05F48B573935 /* AchievementTests.swift */; };
		EA94C32B2E325833C8916390 /* HandView.swift in Sources */ = {isa = PBXBuildFile; fileRef = B899A9121779A5665E7D27E6 /* HandView.swift */; };
		EB5021060F2317DB04D835A3 /* BoardTheme.swift in Sources */ = {isa = PBXBuildFile; fileRef = 897EA5B37322B0549DF70ED6 /* BoardTheme.swift */; };
		EF390F2DF62147FAC458AA6A /* HintTests.swift in Sources */ = {isa = PBXBuildFile; fileRef = FBC05E907B3387D5470BB34B /* HintTests.swift */; };
		F00D0A89D5E633436368705D /* InnerFieldMeasurement.swift in Sources */ = {isa = PBXBuildFile; fileRef = A6759043901D352FD92C88C4 /* InnerFieldMeasurement.swift */; };
		FA296424B21AB9956524840F /* Hint.swift in Sources */ = {isa = PBXBuildFile; fileRef = EA5DAEEB72289791BD360E6B /* Hint.swift */; };
/* End PBXBuildFile section */

/* Begin PBXContainerItemProxy section */
		BBABEBB1B3D0697EA0DBCED9 /* PBXContainerItemProxy */ = {
			isa = PBXContainerItemProxy;
			containerPortal = 784777F62F21585E6F1BD7C8 /* Project object */;
			proxyType = 1;
			remoteGlobalIDString = 91B35560A39444FB3F9F0F48;
			remoteInfo = Keezly;
		};
		F763B134BC90EB00792B7AC8 /* PBXContainerItemProxy */ = {
			isa = PBXContainerItemProxy;
			containerPortal = 784777F62F21585E6F1BD7C8 /* Project object */;
			proxyType = 1;
			remoteGlobalIDString = 91B35560A39444FB3F9F0F48;
			remoteInfo = Keezly;
		};
/* End PBXContainerItemProxy section */

/* Begin PBXFileReference section */
		0229B62760A53B9B55B07723 /* MatchListView.swift */ = {isa = PBXFileReference; lastKnownFileType = sourcecode.swift; path = MatchListView.swift; sourceTree = "<group>"; };
		03D6D99B9BC3DE3FC0DFFA5E /* SavedMatch.swift */ = {isa = PBXFileReference; lastKnownFileType = sourcecode.swift; path = SavedMatch.swift; sourceTree = "<group>"; };
		040212E38AB305A286845007 /* ActionList.swift */ = {isa = PBXFileReference; lastKnownFileType = sourcecode.swift; path = ActionList.swift; sourceTree = "<group>"; };
		052D5C9C5F1E54A61C3BAB63 /* StatisticsTests.swift */ = {isa = PBXFileReference; lastKnownFileType = sourcecode.swift; path = StatisticsTests.swift; sourceTree = "<group>"; };
		0A7740AB159D49E1F527359B /* MoveNarrator.swift */ = {isa = PBXFileReference; lastKnownFileType = sourcecode.swift; path = MoveNarrator.swift; sourceTree = "<group>"; };
		0CBA6935ADB38B3CD93E2D93 /* SettingsView.swift */ = {isa = PBXFileReference; lastKnownFileType = sourcecode.swift; path = SettingsView.swift; sourceTree = "<group>"; };
		0E189E9D5DA48881EBDBA4D2 /* MatchStoreTests.swift */ = {isa = PBXFileReference; lastKnownFileType = sourcecode.swift; path = MatchStoreTests.swift; sourceTree = "<group>"; };
		0E264E59919E60235F368F7F /* SuitGlyph.swift */ = {isa = PBXFileReference; lastKnownFileType = sourcecode.swift; path = SuitGlyph.swift; sourceTree = "<group>"; };
		15315B6C46F8DE44B11EF573 /* select.caf */ = {isa = PBXFileReference; path = select.caf; sourceTree = "<group>"; };
		1DE00A9037ECC75C83E639DC /* place.caf */ = {isa = PBXFileReference; path = place.caf; sourceTree = "<group>"; };
		1FEDEA71E4EDAE226EDA9951 /* BoardView.swift */ = {isa = PBXFileReference; lastKnownFileType = sourcecode.swift; path = BoardView.swift; sourceTree = "<group>"; };
		21906DF81B6AC0BF94D9E97D /* ReplayScreen.swift */ = {isa = PBXFileReference; lastKnownFileType = sourcecode.swift; path = ReplayScreen.swift; sourceTree = "<group>"; };
		26B0B7B51FE6EE314EF9AB1A /* BoardPresenter.swift */ = {isa = PBXFileReference; lastKnownFileType = sourcecode.swift; path = BoardPresenter.swift; sourceTree = "<group>"; };
		27C1C6FA4C7ECD6AF5A32B37 /* MenuFlowTests.swift */ = {isa = PBXFileReference; lastKnownFileType = sourcecode.swift; path = MenuFlowTests.swift; sourceTree = "<group>"; };
		29983A11331001E127DF66CA /* FeedbackTests.swift */ = {isa = PBXFileReference; lastKnownFileType = sourcecode.swift; path = FeedbackTests.swift; sourceTree = "<group>"; };
		2B7A5D5762F62794C05527AF /* CardFaceArt.swift */ = {isa = PBXFileReference; lastKnownFileType = sourcecode.swift; path = CardFaceArt.swift; sourceTree = "<group>"; };
		2C4A19747D7F73A71DC7DBD2 /* AppIconArtwork.swift */ = {isa = PBXFileReference; lastKnownFileType = sourcecode.swift; path = AppIconArtwork.swift; sourceTree = "<group>"; };
		2DC0E53379721916E392C04F /* RootView.swift */ = {isa = PBXFileReference; lastKnownFileType = sourcecode.swift; path = RootView.swift; sourceTree = "<group>"; };
		2F5615D1F3AA72616536C39E /* ScreenshotMode.swift */ = {isa = PBXFileReference; lastKnownFileType = sourcecode.swift; path = ScreenshotMode.swift; sourceTree = "<group>"; };
		317A24C86F2312B7C966802F /* MoveNarratorTests.swift */ = {isa = PBXFileReference; lastKnownFileType = sourcecode.swift; path = MoveNarratorTests.swift; sourceTree = "<group>"; };
		32C34A7B19CE230B87432042 /* PlayFlowTests.swift */ = {isa = PBXFileReference; lastKnownFileType = sourcecode.swift; path = PlayFlowTests.swift; sourceTree = "<group>"; };
		3598D989F36F076D53B3823D /* TableConfigurationTests.swift */ = {isa = PBXFileReference; lastKnownFileType = sourcecode.swift; path = TableConfigurationTests.swift; sourceTree = "<group>"; };
		390FE2938458CED13A70D210 /* SeatStatusView.swift */ = {isa = PBXFileReference; lastKnownFileType = sourcecode.swift; path = SeatStatusView.swift; sourceTree = "<group>"; };
		3C536DFF7D3FD204F337D584 /* TutorialRun.swift */ = {isa = PBXFileReference; lastKnownFileType = sourcecode.swift; path = TutorialRun.swift; sourceTree = "<group>"; };
		3D9036625FB847FC0FCA8B0B /* Achievement.swift */ = {isa = PBXFileReference; lastKnownFileType = sourcecode.swift; path = Achievement.swift; sourceTree = "<group>"; };
		40E814C79BC8A969E82B7D48 /* GrayscaleTests.swift */ = {isa = PBXFileReference; lastKnownFileType = sourcecode.swift; path = GrayscaleTests.swift; sourceTree = "<group>"; };
		41AD74967519D049BB59C5FA /* BoardLayout.swift */ = {isa = PBXFileReference; lastKnownFileType = sourcecode.swift; path = BoardLayout.swift; sourceTree = "<group>"; };
		462E6E6659DFE1B4E4611356 /* LessonBanner.swift */ = {isa = PBXFileReference; lastKnownFileType = sourcecode.swift; path = LessonBanner.swift; sourceTree = "<group>"; };
		4B211B18BA3B7B8B1C675010 /* BoardSurface.swift */ = {isa = PBXFileReference; lastKnownFileType = sourcecode.swift; path = BoardSurface.swift; sourceTree = "<group>"; };
		4EAEE9A96EF84F43F5C06DE8 /* MainMenuView.swift */ = {isa = PBXFileReference; lastKnownFileType = sourcecode.swift; path = MainMenuView.swift; sourceTree = "<group>"; };
		4F0F80DAAFFF9A71C6AC7E01 /* TableConfiguration.swift */ = {isa = PBXFileReference; lastKnownFileType = sourcecode.swift; path = TableConfiguration.swift; sourceTree = "<group>"; };
		50068513035E4EC8DF323F50 /* BoardLayoutTests.swift */ = {isa = PBXFileReference; lastKnownFileType = sourcecode.swift; path = BoardLayoutTests.swift; sourceTree = "<group>"; };
		55B365FCC4C12EE4BFF03008 /* StatisticsSummaryView.swift */ = {isa = PBXFileReference; lastKnownFileType = sourcecode.swift; path = StatisticsSummaryView.swift; sourceTree = "<group>"; };
		55F880978D3865E445AA5593 /* BoardPresenterTests.swift */ = {isa = PBXFileReference; lastKnownFileType = sourcecode.swift; path = BoardPresenterTests.swift; sourceTree = "<group>"; };
		5983C639D9EC2271A596DDFB /* DesignReviewScreenshots.swift */ = {isa = PBXFileReference; lastKnownFileType = sourcecode.swift; path = DesignReviewScreenshots.swift; sourceTree = "<group>"; };
		5E5674013E95C6D4890ADEAF /* GameCenterTransport.swift */ = {isa = PBXFileReference; lastKnownFileType = sourcecode.swift; path = GameCenterTransport.swift; sourceTree = "<group>"; };
		60E312424F2068DAD864AE22 /* Statistics.swift */ = {isa = PBXFileReference; lastKnownFileType = sourcecode.swift; path = Statistics.swift; sourceTree = "<group>"; };
		6181BDD1F1E6EEE9241F2EF0 /* RulebookView.swift */ = {isa = PBXFileReference; lastKnownFileType = sourcecode.swift; path = RulebookView.swift; sourceTree = "<group>"; };
		637D076800FF212D4D9B7EB1 /* swap.caf */ = {isa = PBXFileReference; path = swap.caf; sourceTree = "<group>"; };
		67B2FF7ADE69CBC2559C6D2B /* GameScreen.swift */ = {isa = PBXFileReference; lastKnownFileType = sourcecode.swift; path = GameScreen.swift; sourceTree = "<group>"; };
		6A5741C72A907AEF603B8937 /* LaunchTests.swift */ = {isa = PBXFileReference; lastKnownFileType = sourcecode.swift; path = LaunchTests.swift; sourceTree = "<group>"; };
		6B9869B71A5F567920F36A1C /* home.caf */ = {isa = PBXFileReference; path = home.caf; sourceTree = "<group>"; };
		6E50404D8D3EA77B84451510 /* PrivacyInfo.xcprivacy */ = {isa = PBXFileReference; path = PrivacyInfo.xcprivacy; sourceTree = "<group>"; };
		6ED8C1FD416E628043CC4D29 /* Assets.xcassets */ = {isa = PBXFileReference; lastKnownFileType = folder.assetcatalog; path = Assets.xcassets; sourceTree = "<group>"; };
		715B39EEB871A7D480A659C4 /* WelcomeTests.swift */ = {isa = PBXFileReference; lastKnownFileType = sourcecode.swift; path = WelcomeTests.swift; sourceTree = "<group>"; };
		71AC79E7E5ACF55DEC8B2C58 /* capture.caf */ = {isa = PBXFileReference; path = capture.caf; sourceTree = "<group>"; };
		7312608406A17AE728331F13 /* BoardCentreView.swift */ = {isa = PBXFileReference; lastKnownFileType = sourcecode.swift; path = BoardCentreView.swift; sourceTree = "<group>"; };
		76701703452F573EE999F56F /* PlayLayoutTests.swift */ = {isa = PBXFileReference; lastKnownFileType = sourcecode.swift; path = PlayLayoutTests.swift; sourceTree = "<group>"; };
		79A595475A4A4A8173245936 /* BoardOrnamentTests.swift */ = {isa = PBXFileReference; lastKnownFileType = sourcecode.swift; path = BoardOrnamentTests.swift; sourceTree = "<group>"; };
		7C1C747C1DB0AE2483C37347 /* Keezly.xcconfig */ = {isa = PBXFileReference; lastKnownFileType = text.xcconfig; path = Keezly.xcconfig; sourceTree = "<group>"; };
		7D4398908BBB32AE55426B5D /* ActionListView.swift */ = {isa = PBXFileReference; lastKnownFileType = sourcecode.swift; path = ActionListView.swift; sourceTree = "<group>"; };
		82D72BBDEFC1075510BED527 /* victory.caf */ = {isa = PBXFileReference; path = victory.caf; sourceTree = "<group>"; };
		8596ECB42F680F150CE5C50D /* RulebookTests.swift */ = {isa = PBXFileReference; lastKnownFileType = sourcecode.swift; path = RulebookTests.swift; sourceTree = "<group>"; };
		86D5D72CE51529D58EA3C0DA /* TutorialTests.swift */ = {isa = PBXFileReference; lastKnownFileType = sourcecode.swift; path = TutorialTests.swift; sourceTree = "<group>"; };
		8741059D62130818C55BF28A /* Rulebook.swift */ = {isa = PBXFileReference; lastKnownFileType = sourcecode.swift; path = Rulebook.swift; sourceTree = "<group>"; };
		88398C0B7DDDF6AFF83579CA /* Keezly.app */ = {isa = PBXFileReference; includeInIndex = 0; lastKnownFileType = wrapper.application; path = Keezly.app; sourceTree = BUILT_PRODUCTS_DIR; };
		897EA5B37322B0549DF70ED6 /* BoardTheme.swift */ = {isa = PBXFileReference; lastKnownFileType = sourcecode.swift; path = BoardTheme.swift; sourceTree = "<group>"; };
		89977E9E9BC53E55811B932A /* AppIconTests.swift */ = {isa = PBXFileReference; lastKnownFileType = sourcecode.swift; path = AppIconTests.swift; sourceTree = "<group>"; };
		8CE1FDE22083E9CD313EE41D /* PlayFocusTests.swift */ = {isa = PBXFileReference; lastKnownFileType = sourcecode.swift; path = PlayFocusTests.swift; sourceTree = "<group>"; };
		8E72B2E4642A6BD4C11A860F /* KeezlyApp.swift */ = {isa = PBXFileReference; lastKnownFileType = sourcecode.swift; path = KeezlyApp.swift; sourceTree = "<group>"; };
		8EB92D3C1A47B55D665EE1FA /* MatchStore.swift */ = {isa = PBXFileReference; lastKnownFileType = sourcecode.swift; path = MatchStore.swift; sourceTree = "<group>"; };
		94B625843FF9E6179952A9F7 /* GameScreen+Layout.swift */ = {isa = PBXFileReference; lastKnownFileType = sourcecode.swift; path = "GameScreen+Layout.swift"; sourceTree = "<group>"; };
		963EE8EC7128581D049817F2 /* KeyboardFocus.swift */ = {isa = PBXFileReference; lastKnownFileType = sourcecode.swift; path = KeyboardFocus.swift; sourceTree = "<group>"; };
		96DB4F27B7ACBFED919C049E /* ReplayRun.swift */ = {isa = PBXFileReference; lastKnownFileType = sourcecode.swift; path = ReplayRun.swift; sourceTree = "<group>"; };
		A5696AF8EFEB2AF35352FAFB /* Feedback.swift */ = {isa = PBXFileReference; lastKnownFileType = sourcecode.swift; path = Feedback.swift; sourceTree = "<group>"; };
		A5C6FD419A3ADB18AB0D704C /* KeezlyCore */ = {isa = PBXFileReference; lastKnownFileType = folder; name = KeezlyCore; path = Packages/KeezlyCore; sourceTree = SOURCE_ROOT; };
		A6759043901D352FD92C88C4 /* InnerFieldMeasurement.swift */ = {isa = PBXFileReference; lastKnownFileType = sourcecode.swift; path = InnerFieldMeasurement.swift; sourceTree = "<group>"; };
		A7AD9526A6D73BF8D94109D3 /* Localizable.xcstrings */ = {isa = PBXFileReference; lastKnownFileType = text.json.xcstrings; path = Localizable.xcstrings; sourceTree = "<group>"; };
		AC5CC86597A4A00C17A31B2D /* KeezlyTests.xctest */ = {isa = PBXFileReference; includeInIndex = 0; lastKnownFileType = wrapper.cfbundle; path = KeezlyTests.xctest; sourceTree = BUILT_PRODUCTS_DIR; };
		AD4348693A6AFB35B996AD07 /* AppIntegrationTests.swift */ = {isa = PBXFileReference; lastKnownFileType = sourcecode.swift; path = AppIntegrationTests.swift; sourceTree = "<group>"; };
		AF2333C08C374B3B0502560D /* Welcome.swift */ = {isa = PBXFileReference; lastKnownFileType = sourcecode.swift; path = Welcome.swift; sourceTree = "<group>"; };
		AF665365FA61E826D11B50E9 /* PlayerIdentity.swift */ = {isa = PBXFileReference; lastKnownFileType = sourcecode.swift; path = PlayerIdentity.swift; sourceTree = "<group>"; };
		B32529E7548CA1EFE9A4F729 /* HandoverView.swift */ = {isa = PBXFileReference; lastKnownFileType = sourcecode.swift; path = HandoverView.swift; sourceTree = "<group>"; };
		B899A9121779A5665E7D27E6 /* HandView.swift */ = {isa = PBXFileReference; lastKnownFileType = sourcecode.swift; path = HandView.swift; sourceTree = "<group>"; };
		B9BC77CF6CFE07E6AC186AED /* AdaptivePicker.swift */ = {isa = PBXFileReference; lastKnownFileType = sourcecode.swift; path = AdaptivePicker.swift; sourceTree = "<group>"; };
		C10AB2A38F4F82C23C5677AC /* CardHelp.swift */ = {isa = PBXFileReference; lastKnownFileType = sourcecode.swift; path = CardHelp.swift; sourceTree = "<group>"; };
		C15557F885BA9C8BC751B2EA /* MatchFixtureTests.swift */ = {isa = PBXFileReference; lastKnownFileType = sourcecode.swift; path = MatchFixtureTests.swift; sourceTree = "<group>"; };
		C482C27A4DE9D8BA7FA25193 /* CardView.swift */ = {isa = PBXFileReference; lastKnownFileType = sourcecode.swift; path = CardView.swift; sourceTree = "<group>"; };
		C5D5AEB8CA77D50A683BE5DD /* fold.caf */ = {isa = PBXFileReference; path = fold.caf; sourceTree = "<group>"; };
		C9494E3CF894AD64E24FE743 /* Lesson.swift */ = {isa = PBXFileReference; lastKnownFileType = sourcecode.swift; path = Lesson.swift; sourceTree = "<group>"; };
		D25DE09C56A41F2B65DA5AD9 /* BoardOrnament.swift */ = {isa = PBXFileReference; lastKnownFileType = sourcecode.swift; path = BoardOrnament.swift; sourceTree = "<group>"; };
		D3CE07784ADA861E27350246 /* FeedbackCue.swift */ = {isa = PBXFileReference; lastKnownFileType = sourcecode.swift; path = FeedbackCue.swift; sourceTree = "<group>"; };
		DE90F226F2E9B13AD7C2CB6F /* PlayFocus.swift */ = {isa = PBXFileReference; lastKnownFileType = sourcecode.swift; path = PlayFocus.swift; sourceTree = "<group>"; };
		DF356FE7E26FFF8D6ADC49CD /* PawnView.swift */ = {isa = PBXFileReference; lastKnownFileType = sourcecode.swift; path = PawnView.swift; sourceTree = "<group>"; };
		E336B27DD79B71BBB763188D /* GameCenterAuthenticationTests.swift */ = {isa = PBXFileReference; lastKnownFileType = sourcecode.swift; path = GameCenterAuthenticationTests.swift; sourceTree = "<group>"; };
		E64B06232876C033256A30C1 /* GameCenterAuthentication.swift */ = {isa = PBXFileReference; lastKnownFileType = sourcecode.swift; path = GameCenterAuthentication.swift; sourceTree = "<group>"; };
		E67D8019D88234311D0379BB /* KeezlyUITests.xctest */ = {isa = PBXFileReference; includeInIndex = 0; lastKnownFileType = wrapper.cfbundle; path = KeezlyUITests.xctest; sourceTree = BUILT_PRODUCTS_DIR; };
		E9D5D6474A801FC1ED01B8EA /* ContrastTests.swift */ = {isa = PBXFileReference; lastKnownFileType = sourcecode.swift; path = ContrastTests.swift; sourceTree = "<group>"; };
		EA5DAEEB72289791BD360E6B /* Hint.swift */ = {isa = PBXFileReference; lastKnownFileType = sourcecode.swift; path = Hint.swift; sourceTree = "<group>"; };
		EBF95D494649C4F6D223A28C /* MatchSession.swift */ = {isa = PBXFileReference; lastKnownFileType = sourcecode.swift; path = MatchSession.swift; sourceTree = "<group>"; };
		F01639F69FA03230480F3F8B /* Info.plist */ = {isa = PBXFileReference; lastKnownFileType = text.plist; path = Info.plist; sourceTree = "<group>"; };
		F1B93678F21644FD63C4658C /* PlayPlanner.swift */ = {isa = PBXFileReference; lastKnownFileType = sourcecode.swift; path = PlayPlanner.swift; sourceTree = "<group>"; };
		F1C1945B61C0337553D9EBF8 /* PassAndPlayTests.swift */ = {isa = PBXFileReference; lastKnownFileType = sourcecode.swift; path = PassAndPlayTests.swift; sourceTree = "<group>"; };
		F37914BB0BDF5A835BB7FABE /* ReplayTests.swift */ = {isa = PBXFileReference; lastKnownFileType = sourcecode.swift; path = ReplayTests.swift; sourceTree = "<group>"; };
		F9A8EFD5BD552AFCE3729032 /* PlayLayout.swift */ = {isa = PBXFileReference; lastKnownFileType = sourcecode.swift; path = PlayLayout.swift; sourceTree = "<group>"; };
		FA0BF630CB2278771597A67A /* MatchEndView.swift */ = {isa = PBXFileReference; lastKnownFileType = sourcecode.swift; path = MatchEndView.swift; sourceTree = "<group>"; };
		FBC05E907B3387D5470BB34B /* HintTests.swift */ = {isa = PBXFileReference; lastKnownFileType = sourcecode.swift; path = HintTests.swift; sourceTree = "<group>"; };
		FBCE9A9C10EA05F48B573935 /* AchievementTests.swift */ = {isa = PBXFileReference; lastKnownFileType = sourcecode.swift; path = AchievementTests.swift; sourceTree = "<group>"; };
		FC827455EB8D646619E6A9E2 /* KeezlyTheme.swift */ = {isa = PBXFileReference; lastKnownFileType = sourcecode.swift; path = KeezlyTheme.swift; sourceTree = "<group>"; };
		FFC69C3AE4E8D6DCED88A698 /* ActionListTests.swift */ = {isa = PBXFileReference; lastKnownFileType = sourcecode.swift; path = ActionListTests.swift; sourceTree = "<group>"; };
/* End PBXFileReference section */

/* Begin PBXFrameworksBuildPhase section */
		7B6F33DA538A8B721AC4505A /* Frameworks */ = {
			isa = PBXFrameworksBuildPhase;
			buildActionMask = 2147483647;
			files = (
				8EBA0944E1224E18B578DDA0 /* KeezlyCore in Frameworks */,
			);
			runOnlyForDeploymentPostprocessing = 0;
		};
		AB076D9A1A9441CF97D4C35F /* Frameworks */ = {
			isa = PBXFrameworksBuildPhase;
			buildActionMask = 2147483647;
			files = (
				5E596B214B5827FD7FFD75F2 /* KeezlyCore in Frameworks */,
			);
			runOnlyForDeploymentPostprocessing = 0;
		};
/* End PBXFrameworksBuildPhase section */

/* Begin PBXGroup section */
		2249E629CB6BDD603AFA93CD /* Cards */ = {
			isa = PBXGroup;
			children = (
				2B7A5D5762F62794C05527AF /* CardFaceArt.swift */,
				C482C27A4DE9D8BA7FA25193 /* CardView.swift */,
				B899A9121779A5665E7D27E6 /* HandView.swift */,
				0E264E59919E60235F368F7F /* SuitGlyph.swift */,
			);
			path = Cards;
			sourceTree = "<group>";
		};
		27EEB2A60BF07015EB2880FF /* Brand */ = {
			isa = PBXGroup;
			children = (
				2C4A19747D7F73A71DC7DBD2 /* AppIconArtwork.swift */,
			);
			path = Brand;
			sourceTree = "<group>";
		};
		2892EB6A903073922444B3E1 /* Play */ = {
			isa = PBXGroup;
			children = (
				26B0B7B51FE6EE314EF9AB1A /* BoardPresenter.swift */,
				C10AB2A38F4F82C23C5677AC /* CardHelp.swift */,
				67B2FF7ADE69CBC2559C6D2B /* GameScreen.swift */,
				94B625843FF9E6179952A9F7 /* GameScreen+Layout.swift */,
				B32529E7548CA1EFE9A4F729 /* HandoverView.swift */,
				EA5DAEEB72289791BD360E6B /* Hint.swift */,
				FA0BF630CB2278771597A67A /* MatchEndView.swift */,
				DE90F226F2E9B13AD7C2CB6F /* PlayFocus.swift */,
				F9A8EFD5BD552AFCE3729032 /* PlayLayout.swift */,
				F1B93678F21644FD63C4658C /* PlayPlanner.swift */,
				390FE2938458CED13A70D210 /* SeatStatusView.swift */,
			);
			path = Play;
			sourceTree = "<group>";
		};
		2E2B37B50B5C1DAD597F802A /* App */ = {
			isa = PBXGroup;
			children = (
				F0415EB1E80EF7024AD4013E /* Keezly */,
				F0D320AC28DFBE7EFAED871D /* KeezlyTests */,
				D502E80E6F1AC84285F49A69 /* KeezlyUITests */,
			);
			path = App;
			sourceTree = "<group>";
		};
		315A25D07555A1A079F4376F /* Replay */ = {
			isa = PBXGroup;
			children = (
				96DB4F27B7ACBFED919C049E /* ReplayRun.swift */,
				21906DF81B6AC0BF94D9E97D /* ReplayScreen.swift */,
			);
			path = Replay;
			sourceTree = "<group>";
		};
		32DC8061A42E668F5ABC3EE2 /* Board */ = {
			isa = PBXGroup;
			children = (
				7312608406A17AE728331F13 /* BoardCentreView.swift */,
				41AD74967519D049BB59C5FA /* BoardLayout.swift */,
				D25DE09C56A41F2B65DA5AD9 /* BoardOrnament.swift */,
				4B211B18BA3B7B8B1C675010 /* BoardSurface.swift */,
				1FEDEA71E4EDAE226EDA9951 /* BoardView.swift */,
				DF356FE7E26FFF8D6ADC49CD /* PawnView.swift */,
			);
			path = Board;
			sourceTree = "<group>";
		};
		42EF2244E40D5D4EE42420EC /* Accessibility */ = {
			isa = PBXGroup;
			children = (
				040212E38AB305A286845007 /* ActionList.swift */,
				7D4398908BBB32AE55426B5D /* ActionListView.swift */,
				0A7740AB159D49E1F527359B /* MoveNarrator.swift */,
			);
			path = Accessibility;
			sourceTree = "<group>";
		};
		563F05C37DC2B79D01306A13 /* Sounds */ = {
			isa = PBXGroup;
			children = (
				71AC79E7E5ACF55DEC8B2C58 /* capture.caf */,
				C5D5AEB8CA77D50A683BE5DD /* fold.caf */,
				6B9869B71A5F567920F36A1C /* home.caf */,
				1DE00A9037ECC75C83E639DC /* place.caf */,
				15315B6C46F8DE44B11EF573 /* select.caf */,
				637D076800FF212D4D9B7EB1 /* swap.caf */,
				82D72BBDEFC1075510BED527 /* victory.caf */,
			);
			path = Sounds;
			sourceTree = "<group>";
		};
		5CAD7F8936E2E7FEA8B85D8C /* Feedback */ = {
			isa = PBXGroup;
			children = (
				A5696AF8EFEB2AF35352FAFB /* Feedback.swift */,
				D3CE07784ADA861E27350246 /* FeedbackCue.swift */,
			);
			path = Feedback;
			sourceTree = "<group>";
		};
		6E536CEFDB31AFBA0CBAC3C1 /* Online */ = {
			isa = PBXGroup;
			children = (
				E64B06232876C033256A30C1 /* GameCenterAuthentication.swift */,
				5E5674013E95C6D4890ADEAF /* GameCenterTransport.swift */,
			);
			path = Online;
			sourceTree = "<group>";
		};
		826A3F1418E2A0712B696398 /* Packages */ = {
			isa = PBXGroup;
			children = (
				A5C6FD419A3ADB18AB0D704C /* KeezlyCore */,
			);
			path = Packages;
			sourceTree = "<group>";
		};
		83BBE5FE9640A0E7AB2FB4F4 /* Menu */ = {
			isa = PBXGroup;
			children = (
				4EAEE9A96EF84F43F5C06DE8 /* MainMenuView.swift */,
				0CBA6935ADB38B3CD93E2D93 /* SettingsView.swift */,
				4F0F80DAAFFF9A71C6AC7E01 /* TableConfiguration.swift */,
				AF2333C08C374B3B0502560D /* Welcome.swift */,
			);
			path = Menu;
			sourceTree = "<group>";
		};
		8FC222912D478002951C1887 /* Session */ = {
			isa = PBXGroup;
			children = (
				EBF95D494649C4F6D223A28C /* MatchSession.swift */,
				2F5615D1F3AA72616536C39E /* ScreenshotMode.swift */,
			);
			path = Session;
			sourceTree = "<group>";
		};
		98BDA923BD179CAB61072B5F = {
			isa = PBXGroup;
			children = (
				2E2B37B50B5C1DAD597F802A /* App */,
				BE018A5F9F26968F429B0794 /* Config */,
				826A3F1418E2A0712B696398 /* Packages */,
				EA2F00AFF036415A01093C8A /* Products */,
			);
			sourceTree = "<group>";
		};
		B911472D005A6B24C5C0309D /* Storage */ = {
			isa = PBXGroup;
			children = (
				0229B62760A53B9B55B07723 /* MatchListView.swift */,
				8EB92D3C1A47B55D665EE1FA /* MatchStore.swift */,
				03D6D99B9BC3DE3FC0DFFA5E /* SavedMatch.swift */,
				60E312424F2068DAD864AE22 /* Statistics.swift */,
				55B365FCC4C12EE4BFF03008 /* StatisticsSummaryView.swift */,
			);
			path = Storage;
			sourceTree = "<group>";
		};
		BE018A5F9F26968F429B0794 /* Config */ = {
			isa = PBXGroup;
			children = (
				7C1C747C1DB0AE2483C37347 /* Keezly.xcconfig */,
			);
			path = Config;
			sourceTree = "<group>";
		};
		BF3D513E665BBBEB054AFC07 /* Tutorial */ = {
			isa = PBXGroup;
			children = (
				C9494E3CF894AD64E24FE743 /* Lesson.swift */,
				462E6E6659DFE1B4E4611356 /* LessonBanner.swift */,
				3C536DFF7D3FD204F337D584 /* TutorialRun.swift */,
			);
			path = Tutorial;
			sourceTree = "<group>";
		};
		C2CE7554DBA3AF25B7905141 /* DesignSystem */ = {
			isa = PBXGroup;
			children = (
				B9BC77CF6CFE07E6AC186AED /* AdaptivePicker.swift */,
				897EA5B37322B0549DF70ED6 /* BoardTheme.swift */,
				FC827455EB8D646619E6A9E2 /* KeezlyTheme.swift */,
				963EE8EC7128581D049817F2 /* KeyboardFocus.swift */,
				AF665365FA61E826D11B50E9 /* PlayerIdentity.swift */,
			);
			path = DesignSystem;
			sourceTree = "<group>";
		};
		D502E80E6F1AC84285F49A69 /* KeezlyUITests */ = {
			isa = PBXGroup;
			children = (
				5983C639D9EC2271A596DDFB /* DesignReviewScreenshots.swift */,
				6A5741C72A907AEF603B8937 /* LaunchTests.swift */,
				27C1C6FA4C7ECD6AF5A32B37 /* MenuFlowTests.swift */,
				F1C1945B61C0337553D9EBF8 /* PassAndPlayTests.swift */,
				32C34A7B19CE230B87432042 /* PlayFlowTests.swift */,
			);
			path = KeezlyUITests;
			sourceTree = "<group>";
		};
		D9327375459E1315A636BDA7 /* Rules */ = {
			isa = PBXGroup;
			children = (
				8741059D62130818C55BF28A /* Rulebook.swift */,
				6181BDD1F1E6EEE9241F2EF0 /* RulebookView.swift */,
			);
			path = Rules;
			sourceTree = "<group>";
		};
		E384C0C8A32F034707116DE6 /* Stats */ = {
			isa = PBXGroup;
			children = (
				3D9036625FB847FC0FCA8B0B /* Achievement.swift */,
			);
			path = Stats;
			sourceTree = "<group>";
		};
		EA2F00AFF036415A01093C8A /* Products */ = {
			isa = PBXGroup;
			children = (
				88398C0B7DDDF6AFF83579CA /* Keezly.app */,
				AC5CC86597A4A00C17A31B2D /* KeezlyTests.xctest */,
				E67D8019D88234311D0379BB /* KeezlyUITests.xctest */,
			);
			name = Products;
			sourceTree = "<group>";
		};
		F0415EB1E80EF7024AD4013E /* Keezly */ = {
			isa = PBXGroup;
			children = (
				42EF2244E40D5D4EE42420EC /* Accessibility */,
				32DC8061A42E668F5ABC3EE2 /* Board */,
				27EEB2A60BF07015EB2880FF /* Brand */,
				2249E629CB6BDD603AFA93CD /* Cards */,
				C2CE7554DBA3AF25B7905141 /* DesignSystem */,
				5CAD7F8936E2E7FEA8B85D8C /* Feedback */,
				83BBE5FE9640A0E7AB2FB4F4 /* Menu */,
				6E536CEFDB31AFBA0CBAC3C1 /* Online */,
				2892EB6A903073922444B3E1 /* Play */,
				315A25D07555A1A079F4376F /* Replay */,
				D9327375459E1315A636BDA7 /* Rules */,
				8FC222912D478002951C1887 /* Session */,
				563F05C37DC2B79D01306A13 /* Sounds */,
				E384C0C8A32F034707116DE6 /* Stats */,
				B911472D005A6B24C5C0309D /* Storage */,
				BF3D513E665BBBEB054AFC07 /* Tutorial */,
				6ED8C1FD416E628043CC4D29 /* Assets.xcassets */,
				F01639F69FA03230480F3F8B /* Info.plist */,
				8E72B2E4642A6BD4C11A860F /* KeezlyApp.swift */,
				A7AD9526A6D73BF8D94109D3 /* Localizable.xcstrings */,
				6E50404D8D3EA77B84451510 /* PrivacyInfo.xcprivacy */,
				2DC0E53379721916E392C04F /* RootView.swift */,
			);
			path = Keezly;
			sourceTree = "<group>";
		};
		F0D320AC28DFBE7EFAED871D /* KeezlyTests */ = {
			isa = PBXGroup;
			children = (
				FBCE9A9C10EA05F48B573935 /* AchievementTests.swift */,
				FFC69C3AE4E8D6DCED88A698 /* ActionListTests.swift */,
				89977E9E9BC53E55811B932A /* AppIconTests.swift */,
				AD4348693A6AFB35B996AD07 /* AppIntegrationTests.swift */,
				50068513035E4EC8DF323F50 /* BoardLayoutTests.swift */,
				79A595475A4A4A8173245936 /* BoardOrnamentTests.swift */,
				55F880978D3865E445AA5593 /* BoardPresenterTests.swift */,
				E9D5D6474A801FC1ED01B8EA /* ContrastTests.swift */,
				29983A11331001E127DF66CA /* FeedbackTests.swift */,
				E336B27DD79B71BBB763188D /* GameCenterAuthenticationTests.swift */,
				40E814C79BC8A969E82B7D48 /* GrayscaleTests.swift */,
				FBC05E907B3387D5470BB34B /* HintTests.swift */,
				A6759043901D352FD92C88C4 /* InnerFieldMeasurement.swift */,
				C15557F885BA9C8BC751B2EA /* MatchFixtureTests.swift */,
				0E189E9D5DA48881EBDBA4D2 /* MatchStoreTests.swift */,
				317A24C86F2312B7C966802F /* MoveNarratorTests.swift */,
				8CE1FDE22083E9CD313EE41D /* PlayFocusTests.swift */,
				76701703452F573EE999F56F /* PlayLayoutTests.swift */,
				F37914BB0BDF5A835BB7FABE /* ReplayTests.swift */,
				8596ECB42F680F150CE5C50D /* RulebookTests.swift */,
				052D5C9C5F1E54A61C3BAB63 /* StatisticsTests.swift */,
				3598D989F36F076D53B3823D /* TableConfigurationTests.swift */,
				86D5D72CE51529D58EA3C0DA /* TutorialTests.swift */,
				715B39EEB871A7D480A659C4 /* WelcomeTests.swift */,
			);
			path = KeezlyTests;
			sourceTree = "<group>";
		};
/* End PBXGroup section */

/* Begin PBXNativeTarget section */
		037EAE2C4CCCE35A1FC4F780 /* KeezlyUITests */ = {
			isa = PBXNativeTarget;
			buildConfigurationList = E9B2CC3122374A910B0D1895 /* Build configuration list for PBXNativeTarget "KeezlyUITests" */;
			buildPhases = (
				AE6EF1C31BA089EEF0DE6FB1 /* Sources */,
			);
			buildRules = (
			);
			dependencies = (
				88C0CC043982CD6C1B4879BD /* PBXTargetDependency */,
			);
			name = KeezlyUITests;
			packageProductDependencies = (
			);
			productName = KeezlyUITests;
			productReference = E67D8019D88234311D0379BB /* KeezlyUITests.xctest */;
			productType = "com.apple.product-type.bundle.ui-testing";
		};
		3487FDDB8305F31E34C29676 /* KeezlyTests */ = {
			isa = PBXNativeTarget;
			buildConfigurationList = 8F103BF45C1966622F2C6C12 /* Build configuration list for PBXNativeTarget "KeezlyTests" */;
			buildPhases = (
				67FC2A67F8D2FB3FC42E52F7 /* Sources */,
				AB076D9A1A9441CF97D4C35F /* Frameworks */,
			);
			buildRules = (
			);
			dependencies = (
				5DE1E34BC6047ECC1CCD0020 /* PBXTargetDependency */,
			);
			name = KeezlyTests;
			packageProductDependencies = (
				5E0E46A1D3857966A001B9EC /* KeezlyCore */,
			);
			productName = KeezlyTests;
			productReference = AC5CC86597A4A00C17A31B2D /* KeezlyTests.xctest */;
			productType = "com.apple.product-type.bundle.unit-test";
		};
		91B35560A39444FB3F9F0F48 /* Keezly */ = {
			isa = PBXNativeTarget;
			buildConfigurationList = 1379DBC3AA857E317692AFBD /* Build configuration list for PBXNativeTarget "Keezly" */;
			buildPhases = (
				71D3C4166793B37A37F9A4FE /* Sources */,
				F157A1921D80E2639AB5F595 /* Resources */,
				7B6F33DA538A8B721AC4505A /* Frameworks */,
			);
			buildRules = (
			);
			dependencies = (
			);
			name = Keezly;
			packageProductDependencies = (
				36B25AB04A78E23D9B845676 /* KeezlyCore */,
			);
			productName = Keezly;
			productReference = 88398C0B7DDDF6AFF83579CA /* Keezly.app */;
			productType = "com.apple.product-type.application";
		};
/* End PBXNativeTarget section */

/* Begin PBXProject section */
		784777F62F21585E6F1BD7C8 /* Project object */ = {
			isa = PBXProject;
			attributes = {
				BuildIndependentTargetsInParallel = YES;
				LastUpgradeCheck = 1430;
				TargetAttributes = {
					037EAE2C4CCCE35A1FC4F780 = {
						ProvisioningStyle = Automatic;
						TestTargetID = 91B35560A39444FB3F9F0F48;
					};
					3487FDDB8305F31E34C29676 = {
						ProvisioningStyle = Automatic;
					};
					91B35560A39444FB3F9F0F48 = {
						ProvisioningStyle = Automatic;
					};
				};
			};
			buildConfigurationList = 425AA23589D6CB4980C90E48 /* Build configuration list for PBXProject "Keezly" */;
			developmentRegion = en;
			hasScannedForEncodings = 0;
			knownRegions = (
				Base,
				de,
				en,
				nl,
			);
			mainGroup = 98BDA923BD179CAB61072B5F;
			minimizedProjectReferenceProxies = 1;
			packageReferences = (
				74E9408E2E2862F6B1F6FD93 /* XCLocalSwiftPackageReference "Packages/KeezlyCore" */,
			);
			preferredProjectObjectVersion = 77;
			productRefGroup = EA2F00AFF036415A01093C8A /* Products */;
			projectDirPath = "";
			projectRoot = "";
			targets = (
				91B35560A39444FB3F9F0F48 /* Keezly */,
				3487FDDB8305F31E34C29676 /* KeezlyTests */,
				037EAE2C4CCCE35A1FC4F780 /* KeezlyUITests */,
			);
		};
/* End PBXProject section */

/* Begin PBXResourcesBuildPhase section */
		F157A1921D80E2639AB5F595 /* Resources */ = {
			isa = PBXResourcesBuildPhase;
			buildActionMask = 2147483647;
			files = (
				11DFF6DA5BE0707CCDDC600D /* Assets.xcassets in Resources */,
				E3CFA18060839ED0805FA3FB /* Localizable.xcstrings in Resources */,
				6B1E4FDCFD16F35FD97EE428 /* PrivacyInfo.xcprivacy in Resources */,
				A8F0BBF17EF0051B92A6F024 /* capture.caf in Resources */,
				A69D0995449BC4529D343D80 /* fold.caf in Resources */,
				62212C2AF2BDA2BAD9F43C23 /* home.caf in Resources */,
				B6E863B159F67DA48FB10504 /* place.caf in Resources */,
				D35246345638FDDFD091502A /* select.caf in Resources */,
				29A7AE4DC5562C6094B579C6 /* swap.caf in Resources */,
				5F9219E5059C01EEA86E8950 /* victory.caf in Resources */,
			);
			runOnlyForDeploymentPostprocessing = 0;
		};
/* End PBXResourcesBuildPhase section */

/* Begin PBXSourcesBuildPhase section */
		67FC2A67F8D2FB3FC42E52F7 /* Sources */ = {
			isa = PBXSourcesBuildPhase;
			buildActionMask = 2147483647;
			files = (
				E5044447B412F0A30829D6DA /* AchievementTests.swift in Sources */,
				DE704BCD2D005E5E4345B4BD /* ActionListTests.swift in Sources */,
				D8F593780828DF706C48E176 /* AppIconTests.swift in Sources */,
				64CF2DB28EC65A89F8304B83 /* AppIntegrationTests.swift in Sources */,
				579A0C223F29D69A70ABB93C /* BoardLayoutTests.swift in Sources */,
				9FBA85C85F907C1A6EBF99DC /* BoardOrnamentTests.swift in Sources */,
				28CC2B89F10507596DD31D50 /* BoardPresenterTests.swift in Sources */,
				43F3DEAC49BCB82A466B7131 /* ContrastTests.swift in Sources */,
				1AF4E8085AAD8D26D734F14B /* FeedbackTests.swift in Sources */,
				0344A701FDB8CB0A91E0151D /* GameCenterAuthenticationTests.swift in Sources */,
				6D7078B7436E4C5E72AED247 /* GrayscaleTests.swift in Sources */,
				EF390F2DF62147FAC458AA6A /* HintTests.swift in Sources */,
				F00D0A89D5E633436368705D /* InnerFieldMeasurement.swift in Sources */,
				5C7049441C2B4D1E7EB3222D /* MatchFixtureTests.swift in Sources */,
				9B8409EB605EA2BA02FC6073 /* MatchStoreTests.swift in Sources */,
				4C65E6C87C4DC459E6205D37 /* MoveNarratorTests.swift in Sources */,
				5843618018A82726BBC6F5FC /* PlayFocusTests.swift in Sources */,
				BE8D28189EE7D3062AAF189B /* PlayLayoutTests.swift in Sources */,
				B6C8943E27C19AA33EDE733D /* ReplayTests.swift in Sources */,
				2C0A88DA471A8016E7C58807 /* RulebookTests.swift in Sources */,
				0D42AB3C68EDCF2430E1B48F /* StatisticsTests.swift in Sources */,
				8B724EB7A6C64B30D84E5793 /* TableConfigurationTests.swift in Sources */,
				AC8ECB0933F0C0B7913ACBEA /* TutorialTests.swift in Sources */,
				B29A5986521D5BAFD7C6112B /* WelcomeTests.swift in Sources */,
			);
			runOnlyForDeploymentPostprocessing = 0;
		};
		71D3C4166793B37A37F9A4FE /* Sources */ = {
			isa = PBXSourcesBuildPhase;
			buildActionMask = 2147483647;
			files = (
				2A75C9B66EADAFAE5549AFFF /* Achievement.swift in Sources */,
				CBA6DA54C8B5C81FC8363A8F /* ActionList.swift in Sources */,
				385911464D67283C726D556D /* ActionListView.swift in Sources */,
				299485F2EE880AC138E9FFE9 /* AdaptivePicker.swift in Sources */,
				1B98BDCC45E72A06255CABA3 /* AppIconArtwork.swift in Sources */,
				C38467AD832BA4A6AE1C4DAD /* BoardCentreView.swift in Sources */,
				8309DF26E59769918673891D /* BoardLayout.swift in Sources */,
				71D9948558D1AD1F37A7F8EE /* BoardOrnament.swift in Sources */,
				7D31621E9C5CC275E2B9A357 /* BoardPresenter.swift in Sources */,
				B2801BC0A5360759083EB63B /* BoardSurface.swift in Sources */,
				EB5021060F2317DB04D835A3 /* BoardTheme.swift in Sources */,
				49012D04AB6CD87D59AA1FF6 /* BoardView.swift in Sources */,
				180EEED18A6C25123E43D24B /* CardFaceArt.swift in Sources */,
				A390FB69163B90983BE40A59 /* CardHelp.swift in Sources */,
				58241CDF0095935276E260B2 /* CardView.swift in Sources */,
				1F655B5FDF8ED5DC937CC8A1 /* Feedback.swift in Sources */,
				72BB9A29C8EE638ED23DBB23 /* FeedbackCue.swift in Sources */,
				5E1DCA60FB2FB76BA39E6D69 /* GameCenterAuthentication.swift in Sources */,
				974B12F5B5561828DB83118B /* GameCenterTransport.swift in Sources */,
				9C350AC7FD9345773A30809D /* GameScreen+Layout.swift in Sources */,
				B29A4F858EE41B8D796DB41C /* GameScreen.swift in Sources */,
				EA94C32B2E325833C8916390 /* HandView.swift in Sources */,
				A6311AA31DCD1EC05D2B76A2 /* HandoverView.swift in Sources */,
				FA296424B21AB9956524840F /* Hint.swift in Sources */,
				24FAF2D5D85F704D09728360 /* KeezlyApp.swift in Sources */,
				A1C559609D6FD0AD54146DEC /* KeezlyTheme.swift in Sources */,
				B586F635085CB018833325F3 /* KeyboardFocus.swift in Sources */,
				264BC2D47B0EE11D6B0E80C5 /* Lesson.swift in Sources */,
				10D756531C32278F94994858 /* LessonBanner.swift in Sources */,
				266BF82ABFD4D13FFE25BEE8 /* MainMenuView.swift in Sources */,
				6F76881931D3BEC678981AD8 /* MatchEndView.swift in Sources */,
				697C95CBF6282BDFC37ECD4E /* MatchListView.swift in Sources */,
				A3944BF892A031CFD85EDB6B /* MatchSession.swift in Sources */,
				AA8C0EC4A91FB60B682CE35C /* MatchStore.swift in Sources */,
				33299AA00BC017E0D3412033 /* MoveNarrator.swift in Sources */,
				74690CFDE17AFB4D550A4628 /* PawnView.swift in Sources */,
				DF7BFA02380288CCD372B832 /* PlayFocus.swift in Sources */,
				5F30FB1DEF21B7CF218EC331 /* PlayLayout.swift in Sources */,
				5D9F39D6B8B9B343FB63EA7B /* PlayPlanner.swift in Sources */,
				8078C5050C02ADBFE8E93567 /* PlayerIdentity.swift in Sources */,
				8CB88ACF741F2384030C6439 /* ReplayRun.swift in Sources */,
				513A46BE93709612FDC17EFA /* ReplayScreen.swift in Sources */,
				E2304885CB459B1B1D626328 /* RootView.swift in Sources */,
				41C9DDD36FD8225C6D0A1696 /* Rulebook.swift in Sources */,
				C7F64D09D8F2AB0A20F02ECE /* RulebookView.swift in Sources */,
				C04441E059560F69B6264AA1 /* SavedMatch.swift in Sources */,
				7E529AAE764EF5BC70A24D00 /* ScreenshotMode.swift in Sources */,
				4843C9055D768608C2792D20 /* SeatStatusView.swift in Sources */,
				C81C75C86DE8EE820FA7F95F /* SettingsView.swift in Sources */,
				64C3B3D1B1A0D298F70A273A /* Statistics.swift in Sources */,
				43770BB14E0B8D17CEEFDBA1 /* StatisticsSummaryView.swift in Sources */,
				092103484C74A862ECF89DF8 /* SuitGlyph.swift in Sources */,
				57F4E1E655774F92236C605D /* TableConfiguration.swift in Sources */,
				6BC9E719FDA1B8015AECF13C /* TutorialRun.swift in Sources */,
				96245EA08058AF7FAC141C94 /* Welcome.swift in Sources */,
			);
			runOnlyForDeploymentPostprocessing = 0;
		};
		AE6EF1C31BA089EEF0DE6FB1 /* Sources */ = {
			isa = PBXSourcesBuildPhase;
			buildActionMask = 2147483647;
			files = (
				CA91E83F0BEFC4381F66886A /* DesignReviewScreenshots.swift in Sources */,
				813DD1386E7D98D2C9006EAC /* LaunchTests.swift in Sources */,
				1C051D284088FC2535DBECF0 /* MenuFlowTests.swift in Sources */,
				05E2F7C4D915B34F8A21C6FF /* PassAndPlayTests.swift in Sources */,
				30E7DB9168705F188C09987B /* PlayFlowTests.swift in Sources */,
			);
			runOnlyForDeploymentPostprocessing = 0;
		};
/* End PBXSourcesBuildPhase section */

/* Begin PBXTargetDependency section */
		5DE1E34BC6047ECC1CCD0020 /* PBXTargetDependency */ = {
			isa = PBXTargetDependency;
			target = 91B35560A39444FB3F9F0F48 /* Keezly */;
			targetProxy = BBABEBB1B3D0697EA0DBCED9 /* PBXContainerItemProxy */;
		};
		88C0CC043982CD6C1B4879BD /* PBXTargetDependency */ = {
			isa = PBXTargetDependency;
			target = 91B35560A39444FB3F9F0F48 /* Keezly */;
			targetProxy = F763B134BC90EB00792B7AC8 /* PBXContainerItemProxy */;
		};
/* End PBXTargetDependency section */

/* Begin XCBuildConfiguration section */
		3111A91645EEA021A4D78513 /* Release */ = {
			isa = XCBuildConfiguration;
			buildSettings = {
				ASSETCATALOG_COMPILER_APPICON_NAME = AppIcon;
				ASSETCATALOG_COMPILER_GLOBAL_ACCENT_COLOR_NAME = AccentColor;
				CODE_SIGN_IDENTITY = "iPhone Developer";
				ENABLE_PREVIEWS = YES;
				INFOPLIST_FILE = App/Keezly/Info.plist;
				INFOPLIST_KEY_CFBundleDisplayName = Keezly;
				IPHONEOS_DEPLOYMENT_TARGET = 17.0;
				LD_RUNPATH_SEARCH_PATHS = (
					"$(inherited)",
					"@executable_path/Frameworks",
				);
				PRODUCT_BUNDLE_IDENTIFIER = de.gcng.keezly;
				PRODUCT_NAME = Keezly;
				SDKROOT = iphoneos;
				SUPPORTS_MACCATALYST = NO;
				TARGETED_DEVICE_FAMILY = "1,2";
			};
			name = Release;
		};
		315EB7B322CE58F2F91E6688 /* Release */ = {
			isa = XCBuildConfiguration;
			buildSettings = {
				BUNDLE_LOADER = "$(TEST_HOST)";
				GENERATE_INFOPLIST_FILE = YES;
				IPHONEOS_DEPLOYMENT_TARGET = 17.0;
				LD_RUNPATH_SEARCH_PATHS = (
					"$(inherited)",
					"@executable_path/Frameworks",
					"@loader_path/Frameworks",
				);
				PRODUCT_BUNDLE_IDENTIFIER = de.gcng.keezly.uitests;
				SDKROOT = iphoneos;
				TARGETED_DEVICE_FAMILY = "1,2";
				TEST_TARGET_NAME = Keezly;
			};
			name = Release;
		};
		3C962E83C7B9295E242483FF /* Release */ = {
			isa = XCBuildConfiguration;
			baseConfigurationReference = 7C1C747C1DB0AE2483C37347 /* Keezly.xcconfig */;
			buildSettings = {
				ALWAYS_SEARCH_USER_PATHS = NO;
				CLANG_ANALYZER_NONNULL = YES;
				CLANG_ANALYZER_NUMBER_OBJECT_CONVERSION = YES_AGGRESSIVE;
				CLANG_CXX_LANGUAGE_STANDARD = "gnu++14";
				CLANG_CXX_LIBRARY = "libc++";
				CLANG_ENABLE_MODULES = YES;
				CLANG_ENABLE_OBJC_ARC = YES;
				CLANG_ENABLE_OBJC_WEAK = YES;
				CLANG_WARN_BLOCK_CAPTURE_AUTORELEASING = YES;
				CLANG_WARN_BOOL_CONVERSION = YES;
				CLANG_WARN_COMMA = YES;
				CLANG_WARN_CONSTANT_CONVERSION = YES;
				CLANG_WARN_DEPRECATED_OBJC_IMPLEMENTATIONS = YES;
				CLANG_WARN_DIRECT_OBJC_ISA_USAGE = YES_ERROR;
				CLANG_WARN_DOCUMENTATION_COMMENTS = YES;
				CLANG_WARN_EMPTY_BODY = YES;
				CLANG_WARN_ENUM_CONVERSION = YES;
				CLANG_WARN_INFINITE_RECURSION = YES;
				CLANG_WARN_INT_CONVERSION = YES;
				CLANG_WARN_NON_LITERAL_NULL_CONVERSION = YES;
				CLANG_WARN_OBJC_IMPLICIT_RETAIN_SELF = YES;
				CLANG_WARN_OBJC_LITERAL_CONVERSION = YES;
				CLANG_WARN_OBJC_ROOT_CLASS = YES_ERROR;
				CLANG_WARN_QUOTED_INCLUDE_IN_FRAMEWORK_HEADER = YES;
				CLANG_WARN_RANGE_LOOP_ANALYSIS = YES;
				CLANG_WARN_STRICT_PROTOTYPES = YES;
				CLANG_WARN_SUSPICIOUS_MOVE = YES;
				CLANG_WARN_UNGUARDED_AVAILABILITY = YES_AGGRESSIVE;
				CLANG_WARN_UNREACHABLE_CODE = YES;
				CLANG_WARN__DUPLICATE_METHOD_MATCH = YES;
				CODE_SIGN_STYLE = Automatic;
				COPY_PHASE_STRIP = NO;
				DEAD_CODE_STRIPPING = YES;
				DEBUG_INFORMATION_FORMAT = "dwarf-with-dsym";
				ENABLE_NS_ASSERTIONS = NO;
				ENABLE_STRICT_OBJC_MSGSEND = YES;
				ENABLE_USER_SCRIPT_SANDBOXING = YES;
				GCC_C_LANGUAGE_STANDARD = gnu11;
				GCC_NO_COMMON_BLOCKS = YES;
				GCC_TREAT_WARNINGS_AS_ERRORS = NO;
				GCC_WARN_64_TO_32_BIT_CONVERSION = YES;
				GCC_WARN_ABOUT_RETURN_TYPE = YES_ERROR;
				GCC_WARN_UNDECLARED_SELECTOR = YES;
				GCC_WARN_UNINITIALIZED_AUTOS = YES_AGGRESSIVE;
				GCC_WARN_UNUSED_FUNCTION = YES;
				GCC_WARN_UNUSED_VARIABLE = YES;
				IPHONEOS_DEPLOYMENT_TARGET = 17.0;
				MTL_ENABLE_DEBUG_INFO = NO;
				MTL_FAST_MATH = YES;
				PRODUCT_NAME = "$(TARGET_NAME)";
				SDKROOT = iphoneos;
				SWIFT_COMPILATION_MODE = wholemodule;
				SWIFT_OPTIMIZATION_LEVEL = "-O";
				SWIFT_STRICT_CONCURRENCY = complete;
				SWIFT_TREAT_WARNINGS_AS_ERRORS = NO;
				SWIFT_VERSION = 6.0;
			};
			name = Release;
		};
		5EDF99A07D146AEC57799CF1 /* Release */ = {
			isa = XCBuildConfiguration;
			buildSettings = {
				BUNDLE_LOADER = "$(TEST_HOST)";
				GENERATE_INFOPLIST_FILE = YES;
				IPHONEOS_DEPLOYMENT_TARGET = 17.0;
				LD_RUNPATH_SEARCH_PATHS = (
					"$(inherited)",
					"@executable_path/Frameworks",
					"@loader_path/Frameworks",
				);
				PRODUCT_BUNDLE_IDENTIFIER = de.gcng.keezly.tests;
				SDKROOT = iphoneos;
				TARGETED_DEVICE_FAMILY = "1,2";
				TEST_HOST = "$(BUILT_PRODUCTS_DIR)/Keezly.app/Keezly";
			};
			name = Release;
		};
		97F130ACFEA85D8E4DF1F3FF /* Debug */ = {
			isa = XCBuildConfiguration;
			buildSettings = {
				BUNDLE_LOADER = "$(TEST_HOST)";
				GENERATE_INFOPLIST_FILE = YES;
				IPHONEOS_DEPLOYMENT_TARGET = 17.0;
				LD_RUNPATH_SEARCH_PATHS = (
					"$(inherited)",
					"@executable_path/Frameworks",
					"@loader_path/Frameworks",
				);
				PRODUCT_BUNDLE_IDENTIFIER = de.gcng.keezly.tests;
				SDKROOT = iphoneos;
				TARGETED_DEVICE_FAMILY = "1,2";
				TEST_HOST = "$(BUILT_PRODUCTS_DIR)/Keezly.app/Keezly";
			};
			name = Debug;
		};
		A4DF2CB8BB41A33B91B9B7E4 /* Debug */ = {
			isa = XCBuildConfiguration;
			buildSettings = {
				ASSETCATALOG_COMPILER_APPICON_NAME = AppIcon;
				ASSETCATALOG_COMPILER_GLOBAL_ACCENT_COLOR_NAME = AccentColor;
				CODE_SIGN_IDENTITY = "iPhone Developer";
				ENABLE_PREVIEWS = YES;
				INFOPLIST_FILE = App/Keezly/Info.plist;
				INFOPLIST_KEY_CFBundleDisplayName = Keezly;
				IPHONEOS_DEPLOYMENT_TARGET = 17.0;
				LD_RUNPATH_SEARCH_PATHS = (
					"$(inherited)",
					"@executable_path/Frameworks",
				);
				PRODUCT_BUNDLE_IDENTIFIER = de.gcng.keezly;
				PRODUCT_NAME = Keezly;
				SDKROOT = iphoneos;
				SUPPORTS_MACCATALYST = NO;
				TARGETED_DEVICE_FAMILY = "1,2";
			};
			name = Debug;
		};
		B6ACA5208AB0BCCA50C696C3 /* Debug */ = {
			isa = XCBuildConfiguration;
			buildSettings = {
				BUNDLE_LOADER = "$(TEST_HOST)";
				GENERATE_INFOPLIST_FILE = YES;
				IPHONEOS_DEPLOYMENT_TARGET = 17.0;
				LD_RUNPATH_SEARCH_PATHS = (
					"$(inherited)",
					"@executable_path/Frameworks",
					"@loader_path/Frameworks",
				);
				PRODUCT_BUNDLE_IDENTIFIER = de.gcng.keezly.uitests;
				SDKROOT = iphoneos;
				TARGETED_DEVICE_FAMILY = "1,2";
				TEST_TARGET_NAME = Keezly;
			};
			name = Debug;
		};
		FDC8BE5422461C5419556C51 /* Debug */ = {
			isa = XCBuildConfiguration;
			baseConfigurationReference = 7C1C747C1DB0AE2483C37347 /* Keezly.xcconfig */;
			buildSettings = {
				ALWAYS_SEARCH_USER_PATHS = NO;
				CLANG_ANALYZER_NONNULL = YES;
				CLANG_ANALYZER_NUMBER_OBJECT_CONVERSION = YES_AGGRESSIVE;
				CLANG_CXX_LANGUAGE_STANDARD = "gnu++14";
				CLANG_CXX_LIBRARY = "libc++";
				CLANG_ENABLE_MODULES = YES;
				CLANG_ENABLE_OBJC_ARC = YES;
				CLANG_ENABLE_OBJC_WEAK = YES;
				CLANG_WARN_BLOCK_CAPTURE_AUTORELEASING = YES;
				CLANG_WARN_BOOL_CONVERSION = YES;
				CLANG_WARN_COMMA = YES;
				CLANG_WARN_CONSTANT_CONVERSION = YES;
				CLANG_WARN_DEPRECATED_OBJC_IMPLEMENTATIONS = YES;
				CLANG_WARN_DIRECT_OBJC_ISA_USAGE = YES_ERROR;
				CLANG_WARN_DOCUMENTATION_COMMENTS = YES;
				CLANG_WARN_EMPTY_BODY = YES;
				CLANG_WARN_ENUM_CONVERSION = YES;
				CLANG_WARN_INFINITE_RECURSION = YES;
				CLANG_WARN_INT_CONVERSION = YES;
				CLANG_WARN_NON_LITERAL_NULL_CONVERSION = YES;
				CLANG_WARN_OBJC_IMPLICIT_RETAIN_SELF = YES;
				CLANG_WARN_OBJC_LITERAL_CONVERSION = YES;
				CLANG_WARN_OBJC_ROOT_CLASS = YES_ERROR;
				CLANG_WARN_QUOTED_INCLUDE_IN_FRAMEWORK_HEADER = YES;
				CLANG_WARN_RANGE_LOOP_ANALYSIS = YES;
				CLANG_WARN_STRICT_PROTOTYPES = YES;
				CLANG_WARN_SUSPICIOUS_MOVE = YES;
				CLANG_WARN_UNGUARDED_AVAILABILITY = YES_AGGRESSIVE;
				CLANG_WARN_UNREACHABLE_CODE = YES;
				CLANG_WARN__DUPLICATE_METHOD_MATCH = YES;
				CODE_SIGN_STYLE = Automatic;
				COPY_PHASE_STRIP = NO;
				DEAD_CODE_STRIPPING = YES;
				DEBUG_INFORMATION_FORMAT = dwarf;
				ENABLE_STRICT_OBJC_MSGSEND = YES;
				ENABLE_TESTABILITY = YES;
				ENABLE_USER_SCRIPT_SANDBOXING = YES;
				GCC_C_LANGUAGE_STANDARD = gnu11;
				GCC_DYNAMIC_NO_PIC = NO;
				GCC_NO_COMMON_BLOCKS = YES;
				GCC_OPTIMIZATION_LEVEL = 0;
				GCC_PREPROCESSOR_DEFINITIONS = (
					"$(inherited)",
					"DEBUG=1",
				);
				GCC_TREAT_WARNINGS_AS_ERRORS = NO;
				GCC_WARN_64_TO_32_BIT_CONVERSION = YES;
				GCC_WARN_ABOUT_RETURN_TYPE = YES_ERROR;
				GCC_WARN_UNDECLARED_SELECTOR = YES;
				GCC_WARN_UNINITIALIZED_AUTOS = YES_AGGRESSIVE;
				GCC_WARN_UNUSED_FUNCTION = YES;
				GCC_WARN_UNUSED_VARIABLE = YES;
				IPHONEOS_DEPLOYMENT_TARGET = 17.0;
				MTL_ENABLE_DEBUG_INFO = INCLUDE_SOURCE;
				MTL_FAST_MATH = YES;
				ONLY_ACTIVE_ARCH = YES;
				PRODUCT_NAME = "$(TARGET_NAME)";
				SDKROOT = iphoneos;
				SWIFT_ACTIVE_COMPILATION_CONDITIONS = DEBUG;
				SWIFT_OPTIMIZATION_LEVEL = "-Onone";
				SWIFT_STRICT_CONCURRENCY = complete;
				SWIFT_TREAT_WARNINGS_AS_ERRORS = NO;
				SWIFT_VERSION = 6.0;
			};
			name = Debug;
		};
/* End XCBuildConfiguration section */

/* Begin XCConfigurationList section */
		1379DBC3AA857E317692AFBD /* Build configuration list for PBXNativeTarget "Keezly" */ = {
			isa = XCConfigurationList;
			buildConfigurations = (
				A4DF2CB8BB41A33B91B9B7E4 /* Debug */,
				3111A91645EEA021A4D78513 /* Release */,
			);
			defaultConfigurationIsVisible = 0;
			defaultConfigurationName = Debug;
		};
		425AA23589D6CB4980C90E48 /* Build configuration list for PBXProject "Keezly" */ = {
			isa = XCConfigurationList;
			buildConfigurations = (
				FDC8BE5422461C5419556C51 /* Debug */,
				3C962E83C7B9295E242483FF /* Release */,
			);
			defaultConfigurationIsVisible = 0;
			defaultConfigurationName = Debug;
		};
		8F103BF45C1966622F2C6C12 /* Build configuration list for PBXNativeTarget "KeezlyTests" */ = {
			isa = XCConfigurationList;
			buildConfigurations = (
				97F130ACFEA85D8E4DF1F3FF /* Debug */,
				5EDF99A07D146AEC57799CF1 /* Release */,
			);
			defaultConfigurationIsVisible = 0;
			defaultConfigurationName = Debug;
		};
		E9B2CC3122374A910B0D1895 /* Build configuration list for PBXNativeTarget "KeezlyUITests" */ = {
			isa = XCConfigurationList;
			buildConfigurations = (
				B6ACA5208AB0BCCA50C696C3 /* Debug */,
				315EB7B322CE58F2F91E6688 /* Release */,
			);
			defaultConfigurationIsVisible = 0;
			defaultConfigurationName = Debug;
		};
/* End XCConfigurationList section */

/* Begin XCLocalSwiftPackageReference section */
		74E9408E2E2862F6B1F6FD93 /* XCLocalSwiftPackageReference "Packages/KeezlyCore" */ = {
			isa = XCLocalSwiftPackageReference;
			relativePath = Packages/KeezlyCore;
		};
/* End XCLocalSwiftPackageReference section */

/* Begin XCSwiftPackageProductDependency section */
		36B25AB04A78E23D9B845676 /* KeezlyCore */ = {
			isa = XCSwiftPackageProductDependency;
			productName = KeezlyCore;
		};
		5E0E46A1D3857966A001B9EC /* KeezlyCore */ = {
			isa = XCSwiftPackageProductDependency;
			productName = KeezlyCore;
		};
/* End XCSwiftPackageProductDependency section */
	};
	rootObject = 784777F62F21585E6F1BD7C8 /* Project object */;
}
